
Microsoft Visual Studio Solution File, Format Version 10.00
# Visual Studio 2008
Project("{8BC9CEB8-8B4A-11D0-8D11-00A0C91BC942}") = "Demo_02_Physics", "Demo_02_Physics.vcproj", "{42C6B489-6D50-48CF-BEED-6748A944072F}"
EndProject
Global
	GlobalSection(SolutionConfigurationPlatforms) = preSolution
		Debug|Win32 = Debug|Win32
		Release|Win32 = Release|Win32
	EndGlobalSection
	GlobalSection(ProjectConfigurationPlatforms) = postSolution
		{42C6B489-6D50-48CF-BEED-6748A944072F}.Debug|Win32.ActiveCfg = Debug|Win32
		{42C6B489-6D50-48CF-BEED-6748A944072F}.Debug|Win32.Build.0 = Debug|Win32
		{42C6B489-6D50-48CF-BEED-6748A944072F}.Release|Win32.ActiveCfg = Release|Win32
		{42C6B489-6D50-48CF-BEED-6748A944072F}.Release|Win32.Build.0 = Release|Win32
	EndGlobalSection
	GlobalSection(SolutionProperties) = preSolution
		HideSolutionNode = FALSE
	EndGlobalSection
EndGlobal
